apiVersion: vendir.k14s.io/v1alpha1
directories:
- contents:
  - image:
      url: index.docker.io/dkalinin/consul-helm@sha256:d1cdbd46561a144332f0744302d45f27583fc0d75002cba473d840f46630c9f7
    path: docker.io/dkalinin/consul-helm-naked
  - image:
      url: index.docker.io/dkalinin/consul-helm@sha256:d1cdbd46561a144332f0744302d45f27583fc0d75002cba473d840f46630c9f7
    path: docker.io/dkalinin/consul-helm-by-tag
  - image:
      url: index.docker.io/dkalinin/consul-helm@sha256:d1cdbd46561a144332f0744302d45f27583fc0d75002cba473d840f46630c9f7
    path: docker.io/dkalinin/consul-helm-by-digest
  path: vendor
kind: LockConfig
