apiVersion: vendir.k14s.io/v1alpha1
directories:
- contents:
  - git:
      commitTitle: 'feat: add /metrics prometheus scrapable endpoint...'
      sha: 2b009b61fa8afb330a4302c694ee61b11104c54c
    path: exact-sha
  - git:
      commitTitle: Bump minimum Kapp version...
      sha: cbbb55fc592348a19270057e0b37d6bbadfe5824
      tags:
      - v0.4.0
    path: tag
  path: vendor
kind: LockConfig
