apiVersion: vendir.k14s.io/v1alpha1
directories:
- contents:
  - hg:
      changeSetTitle: add data-values example
      sha: dc860d1ce57c92ef67aee2510592a9e333431038
    path: exact-sha
  - hg:
      changeSetTitle: add data-values example
      sha: dc860d1ce57c92ef67aee2510592a9e333431038
    path: tag
  path: vendor
kind: LockConfig
