apiVersion: vendir.k14s.io/v1alpha1
directories:
- contents:
  - hg:
      changeSetTitle: Prevent wrapping filenames to preserve whitespace
      sha: 180c776fe29448afa8c756ab572bab7a1cf17a06
    path: exact-sha
  - hg:
      changeSetTitle: Display draft and obsolete changesets in the log
      sha: ed2bf9d685dac800fcd02530f3722f4b1c3ffb1a
    path: tag
  - hg:
      changeSetTitle: Added tag 0.29.2 for changeset 206047531f7f
      sha: 70f49da65c3af3497b6e1a445b8db8321dccf406
    path: branch
  path: vendor
kind: LockConfig
