apiVersion: vendir.k14s.io/v1alpha1
directories:
- contents:
  - imgpkgBundle:
      image: index.docker.io/ewrenn/consul-helm-bundle@sha256:15777f0007ee10fb9b2e0ed55107751188f3f3a11bae81c122ff4f11c9d67d15
    path: docker.io/ewrenn/consul-helm-naked
  - imgpkgBundle:
      image: index.docker.io/ewrenn/consul-helm-bundle@sha256:15777f0007ee10fb9b2e0ed55107751188f3f3a11bae81c122ff4f11c9d67d15
    path: docker.io/ewrenn/consul-helm-by-tag
  - imgpkgBundle:
      image: index.docker.io/ewrenn/consul-helm-bundle@sha256:15777f0007ee10fb9b2e0ed55107751188f3f3a11bae81c122ff4f11c9d67d15
    path: docker.io/ewrenn/consul-helm-by-digest
  - imgpkgBundle:
      image: index.docker.io/k8slt/vendir-test-recursive-bundle@sha256:4d58d662d3f6e858fb3f989214482405ac13974d98f3f0695bd36e3fc36d3f81
    path: docker.io/k8slt/vendir-test-recursive-bundle
  path: vendor
kind: LockConfig
