apiVersion: vendir.k14s.io/v1alpha1
directories:
- contents:
  - githubRelease:
      url: https://api.github.com/repos/vmware-tanzu/carvel-kapp-controller/releases/21912613
    path: github.com/k14s/kapp-controller
  - githubRelease:
      url: https://api.github.com/repos/pivotal/kpack/releases/22747441
    path: github.com/pivotal/kpack
  - githubRelease:
      url: https://api.github.com/repos/pivotal/kpack/releases/24689610
    path: specific-asset-checksum-checked
  - githubRelease:
      url: https://api.github.com/repos/cloudfoundry/eirini-release/releases/23064766
    path: github.com/cloudfoundry-incubator/eirini-release
  path: vendor
kind: LockConfig
