apiVersion: vendir.k14s.io/v1alpha1
directories:
- contents:
  - git:
      commitTitle: 'DOC: also bump suggested resource min in docs...'
      sha: e61ba6425502077e9daf2f78fcd2c697b76cb4e3
      tags:
      - v0.3.0
    path: github.com/cloudfoundry/cf-k8s-networking
  path: vendor
kind: LockConfig
